
Microsoft Visual Studio Solution File, Format Version 12.00
# Visual Studio Version 16
VisualStudioVersion = 16.0.30717.126
MinimumVisualStudioVersion = 10.0.40219.1
Project("{9A19103F-16F7-4668-BE54-9A1E7A4F7556}") = "BackgroundTasks", "BackgroundTasks.csproj", "{60A59A31-C601-4DDF-957B-C31DA1BC9F31}"
EndProject
Project("{9A19103F-16F7-4668-BE54-9A1E7A4F7556}") = "Business", "..\Business\Business.csproj", "{307D0B99-0414-4F4B-A863-1FA769EA7196}"
EndProject
Global
	GlobalSection(SolutionConfigurationPlatforms) = preSolution
		Debug|Any CPU = Debug|Any CPU
		Release|Any CPU = Release|Any CPU
	EndGlobalSection
	GlobalSection(ProjectConfigurationPlatforms) = postSolution
		{60A59A31-C601-4DDF-957B-C31DA1BC9F31}.Debug|Any CPU.ActiveCfg = Debug|Any CPU
		{60A59A31-C601-4DDF-957B-C31DA1BC9F31}.Debug|Any CPU.Build.0 = Debug|Any CPU
		{60A59A31-C601-4DDF-957B-C31DA1BC9F31}.Release|Any CPU.ActiveCfg = Release|Any CPU
		{60A59A31-C601-4DDF-957B-C31DA1BC9F31}.Release|Any CPU.Build.0 = Release|Any CPU
		{307D0B99-0414-4F4B-A863-1FA769EA7196}.Debug|Any CPU.ActiveCfg = Debug|Any CPU
		{307D0B99-0414-4F4B-A863-1FA769EA7196}.Debug|Any CPU.Build.0 = Debug|Any CPU
		{307D0B99-0414-4F4B-A863-1FA769EA7196}.Release|Any CPU.ActiveCfg = Release|Any CPU
		{307D0B99-0414-4F4B-A863-1FA769EA7196}.Release|Any CPU.Build.0 = Release|Any CPU
	EndGlobalSection
	GlobalSection(SolutionProperties) = preSolution
		HideSolutionNode = FALSE
	EndGlobalSection
	GlobalSection(ExtensibilityGlobals) = postSolution
		SolutionGuid = {2CBEAE29-E13C-4B31-A402-FE4CC62EF1F2}
	EndGlobalSection
EndGlobal
